
Microsoft Visual Studio Solution File, Format Version 12.00
# Visual Studio Version 16
VisualStudioVersion = 16.0.29503.13
MinimumVisualStudioVersion = 10.0.40219.1
Project("{9A19103F-16F7-4668-BE54-9A1E7A4F7556}") = "Session07Application", "Session07Application\Session07Application.csproj", "{9A77CAE3-4A8F-4A14-BF8D-FFD94210A433}"
EndProject
Project("{9A19103F-16F7-4668-BE54-9A1E7A4F7556}") = "ManualAuthenticationSample", "ManualAuthenticationSample\ManualAuthenticationSample.csproj", "{79157DC1-5FA2-4926-825F-81EF8894234F}"
EndProject
Project("{2150E333-8FDC-42A3-9474-1A3956D46DE8}") = "Solution Items", "Solution Items", "{AC2084C0-C39C-49EA-8F24-EF42CD14126A}"
	ProjectSection(SolutionItems) = preProject
		Scaffolding.txt = Scaffolding.txt
	EndProjectSection
EndProject
Project("{FAE04EC0-301F-11D3-BF4B-00C04F79EFBC}") = "WebAPI", "WebAPI\WebAPI.csproj", "{6C46C40C-00EE-4D07-A89A-D21071D9776C}"
EndProject
Global
	GlobalSection(SolutionConfigurationPlatforms) = preSolution
		Debug|Any CPU = Debug|Any CPU
		Release|Any CPU = Release|Any CPU
	EndGlobalSection
	GlobalSection(ProjectConfigurationPlatforms) = postSolution
		{9A77CAE3-4A8F-4A14-BF8D-FFD94210A433}.Debug|Any CPU.ActiveCfg = Debug|Any CPU
		{9A77CAE3-4A8F-4A14-BF8D-FFD94210A433}.Debug|Any CPU.Build.0 = Debug|Any CPU
		{9A77CAE3-4A8F-4A14-BF8D-FFD94210A433}.Release|Any CPU.ActiveCfg = Release|Any CPU
		{9A77CAE3-4A8F-4A14-BF8D-FFD94210A433}.Release|Any CPU.Build.0 = Release|Any CPU
		{79157DC1-5FA2-4926-825F-81EF8894234F}.Debug|Any CPU.ActiveCfg = Debug|Any CPU
		{79157DC1-5FA2-4926-825F-81EF8894234F}.Debug|Any CPU.Build.0 = Debug|Any CPU
		{79157DC1-5FA2-4926-825F-81EF8894234F}.Release|Any CPU.ActiveCfg = Release|Any CPU
		{79157DC1-5FA2-4926-825F-81EF8894234F}.Release|Any CPU.Build.0 = Release|Any CPU
		{6C46C40C-00EE-4D07-A89A-D21071D9776C}.Debug|Any CPU.ActiveCfg = Debug|Any CPU
		{6C46C40C-00EE-4D07-A89A-D21071D9776C}.Debug|Any CPU.Build.0 = Debug|Any CPU
		{6C46C40C-00EE-4D07-A89A-D21071D9776C}.Release|Any CPU.ActiveCfg = Release|Any CPU
		{6C46C40C-00EE-4D07-A89A-D21071D9776C}.Release|Any CPU.Build.0 = Release|Any CPU
	EndGlobalSection
	GlobalSection(SolutionProperties) = preSolution
		HideSolutionNode = FALSE
	EndGlobalSection
	GlobalSection(ExtensibilityGlobals) = postSolution
		SolutionGuid = {AD27730A-4227-4282-B449-FC43B3B2A57F}
	EndGlobalSection
EndGlobal
